// !$*UTF8*$!
{
	archiveVersion = 1;
	classes = {
	};
	objectVersion = 51;
	objects = {

/* Begin PBXBuildFile section */
		604881D223EBDA0C00B32BE5 /* JWTUtils.swift in Sources */ = {isa = PBXBuildFile; fileRef = 604881D123EBDA0C00B32BE5 /* JWTUtils.swift */; };
		B7358EAE23BA7D58003936E2 /* DrawerContent.swift in Sources */ = {isa = PBXBuildFile; fileRef = B7358EAD23BA7D58003936E2 /* DrawerContent.swift */; };
		B7358EB023BA7DA0003936E2 /* NavigationDrawer.swift in Sources */ = {isa = PBXBuildFile; fileRef = B7358EAF23BA7DA0003936E2 /* NavigationDrawer.swift */; };
		B772304123BA89D1003F1B95 /* RideTable.swift in Sources */ = {isa = PBXBuildFile; fileRef = B772304023BA89D1003F1B95 /* RideTable.swift */; };
		B77D1DAB23B420B500CAAEA5 /* AppDelegate.swift in Sources */ = {isa = PBXBuildFile; fileRef = B77D1DAA23B420B500CAAEA5 /* AppDelegate.swift */; };
		B77D1DAD23B420B500CAAEA5 /* SceneDelegate.swift in Sources */ = {isa = PBXBuildFile; fileRef = B77D1DAC23B420B500CAAEA5 /* SceneDelegate.swift */; };
		B77D1DAF23B420B500CAAEA5 /* Home.swift in Sources */ = {isa = PBXBuildFile; fileRef = B77D1DAE23B420B500CAAEA5 /* Home.swift */; };
		B77D1DB123B420B600CAAEA5 /* Assets.xcassets in Resources */ = {isa = PBXBuildFile; fileRef = B77D1DB023B420B600CAAEA5 /* Assets.xcassets */; };
		B77D1DB423B420B600CAAEA5 /* Preview Assets.xcassets in Resources */ = {isa = PBXBuildFile; fileRef = B77D1DB323B420B600CAAEA5 /* Preview Assets.xcassets */; };
		B77D1DB723B420B600CAAEA5 /* LaunchScreen.storyboard in Resources */ = {isa = PBXBuildFile; fileRef = B77D1DB523B420B600CAAEA5 /* LaunchScreen.storyboard */; };
		B77D1DC223B420B600CAAEA5 /* PoolCarTests.swift in Sources */ = {isa = PBXBuildFile; fileRef = B77D1DC123B420B600CAAEA5 /* PoolCarTests.swift */; };
		B77D1DCD23B420B600CAAEA5 /* PoolCarUITests.swift in Sources */ = {isa = PBXBuildFile; fileRef = B77D1DCC23B420B600CAAEA5 /* PoolCarUITests.swift */; };
		B77D1DDD23B446F700CAAEA5 /* Ride.swift in Sources */ = {isa = PBXBuildFile; fileRef = B77D1DDC23B446F700CAAEA5 /* Ride.swift */; };
		B77D1DDF23B4484100CAAEA5 /* PreviewData.swift in Sources */ = {isa = PBXBuildFile; fileRef = B77D1DDE23B4484100CAAEA5 /* PreviewData.swift */; };
		B77D1DE123B451D100CAAEA5 /* RideRow.swift in Sources */ = {isa = PBXBuildFile; fileRef = B77D1DE023B451D100CAAEA5 /* RideRow.swift */; };
		B77D1DE323B5471C00CAAEA5 /* RideDetail.swift in Sources */ = {isa = PBXBuildFile; fileRef = B77D1DE223B5471C00CAAEA5 /* RideDetail.swift */; };
		B77D1DE523B5485800CAAEA5 /* AddRide.swift in Sources */ = {isa = PBXBuildFile; fileRef = B77D1DE423B5485800CAAEA5 /* AddRide.swift */; };
		B77D1DEA23B5BE6200CAAEA5 /* Database.swift in Sources */ = {isa = PBXBuildFile; fileRef = B77D1DE923B5BE6200CAAEA5 /* Database.swift */; };
		B7A3FD5723BE16E50062F8F4 /* MessageView.swift in Sources */ = {isa = PBXBuildFile; fileRef = B7A3FD5623BE16E50062F8F4 /* MessageView.swift */; };
		B7A3FD5923BE19CA0062F8F4 /* MessageController.swift in Sources */ = {isa = PBXBuildFile; fileRef = B7A3FD5823BE19CA0062F8F4 /* MessageController.swift */; };
		B7A3FD5B23BE7FA70062F8F4 /* MessageRow.swift in Sources */ = {isa = PBXBuildFile; fileRef = B7A3FD5A23BE7FA70062F8F4 /* MessageRow.swift */; };
		B7A3FD5D23BEEC330062F8F4 /* Message.swift in Sources */ = {isa = PBXBuildFile; fileRef = B7A3FD5C23BEEC330062F8F4 /* Message.swift */; };
		B7A3FD6323CBC5890062F8F4 /* KeyboardResponsiveModifier.swift in Sources */ = {isa = PBXBuildFile; fileRef = B7A3FD6223CBC5890062F8F4 /* KeyboardResponsiveModifier.swift */; };
		B7A47B1823B932C0001D297B /* GMSSearchPlaceController.swift in Sources */ = {isa = PBXBuildFile; fileRef = B7A47B1723B932C0001D297B /* GMSSearchPlaceController.swift */; };
		B7A47B1A23B93680001D297B /* InputOptions.swift in Sources */ = {isa = PBXBuildFile; fileRef = B7A47B1923B93680001D297B /* InputOptions.swift */; };
		B7A47B1C23B99E0C001D297B /* GoogleMapView.swift in Sources */ = {isa = PBXBuildFile; fileRef = B7A47B1B23B99E0C001D297B /* GoogleMapView.swift */; };
		B7B81B0423F640B200A08E7A /* StripeView.swift in Sources */ = {isa = PBXBuildFile; fileRef = B7B81B0323F640B200A08E7A /* StripeView.swift */; };
		B7B81B0623F6421A00A08E7A /* StripeAPIClient.swift in Sources */ = {isa = PBXBuildFile; fileRef = B7B81B0523F6421A00A08E7A /* StripeAPIClient.swift */; };
		B7E3FBA623F647B1001A15A4 /* Errors.swift in Sources */ = {isa = PBXBuildFile; fileRef = B7E3FBA523F647B1001A15A4 /* Errors.swift */; };
		B7E3FBA823F71912001A15A4 /* ResponseModels.swift in Sources */ = {isa = PBXBuildFile; fileRef = B7E3FBA723F71912001A15A4 /* ResponseModels.swift */; };
		B7E3FBAE23F72901001A15A4 /* APIFetcher.swift in Sources */ = {isa = PBXBuildFile; fileRef = B7E3FBAD23F72901001A15A4 /* APIFetcher.swift */; };
		B7E3FBB023F88846001A15A4 /* UserIDUtils.swift in Sources */ = {isa = PBXBuildFile; fileRef = B7E3FBAF23F88846001A15A4 /* UserIDUtils.swift */; };
		B7E3FBB223F88BAB001A15A4 /* RequestModels.swift in Sources */ = {isa = PBXBuildFile; fileRef = B7E3FBB123F88BAB001A15A4 /* RequestModels.swift */; };
		B7F77A6E23B9C15D00C1E184 /* CustomMarker.swift in Sources */ = {isa = PBXBuildFile; fileRef = B7F77A6D23B9C15D00C1E184 /* CustomMarker.swift */; };
		CC3796A025B2B20267BBCCBF /* Pods_PoolCar.framework in Frameworks */ = {isa = PBXBuildFile; fileRef = 0DF09D49DED9BB0095BFDA84 /* Pods_PoolCar.framework */; };
		E67ACC9823C9AE8D005CF574 /* LoginView.swift in Sources */ = {isa = PBXBuildFile; fileRef = E67ACC9723C9AE8D005CF574 /* LoginView.swift */; };
		E6B662C423BB058C00105B7C /* StartView.swift in Sources */ = {isa = PBXBuildFile; fileRef = E6B662C323BB058C00105B7C /* StartView.swift */; };
		E6B662C823BBD42500105B7C /* SignupView.swift in Sources */ = {isa = PBXBuildFile; fileRef = E6B662C723BBD42500105B7C /* SignupView.swift */; };
/* End PBXBuildFile section */

/* Begin PBXContainerItemProxy section */
		B77D1DBE23B420B600CAAEA5 /* PBXContainerItemProxy */ = {
			isa = PBXContainerItemProxy;
			containerPortal = B77D1D9F23B420B500CAAEA5 /* Project object */;
			proxyType = 1;
			remoteGlobalIDString = B77D1DA623B420B500CAAEA5;
			remoteInfo = PoolCar;
		};
		B77D1DC923B420B600CAAEA5 /* PBXContainerItemProxy */ = {
			isa = PBXContainerItemProxy;
			containerPortal = B77D1D9F23B420B500CAAEA5 /* Project object */;
			proxyType = 1;
			remoteGlobalIDString = B77D1DA623B420B500CAAEA5;
			remoteInfo = PoolCar;
		};
/* End PBXContainerItemProxy section */

/* Begin PBXFileReference section */
		0DF09D49DED9BB0095BFDA84 /* Pods_PoolCar.framework */ = {isa = PBXFileReference; explicitFileType = wrapper.framework; includeInIndex = 0; path = Pods_PoolCar.framework; sourceTree = BUILT_PRODUCTS_DIR; };
		530B7238C3F35FA5EE6E1A91 /* Pods-PoolCar.release.xcconfig */ = {isa = PBXFileReference; includeInIndex = 1; lastKnownFileType = text.xcconfig; name = "Pods-PoolCar.release.xcconfig"; path = "Target Support Files/Pods-PoolCar/Pods-PoolCar.release.xcconfig"; sourceTree = "<group>"; };
		604881D123EBDA0C00B32BE5 /* JWTUtils.swift */ = {isa = PBXFileReference; lastKnownFileType = sourcecode.swift; path = JWTUtils.swift; sourceTree = "<group>"; };
		A8D64A8F36A43829E2D10171 /* Pods-PoolCar.debug.xcconfig */ = {isa = PBXFileReference; includeInIndex = 1; lastKnownFileType = text.xcconfig; name = "Pods-PoolCar.debug.xcconfig"; path = "Target Support Files/Pods-PoolCar/Pods-PoolCar.debug.xcconfig"; sourceTree = "<group>"; };
		B7358EAD23BA7D58003936E2 /* DrawerContent.swift */ = {isa = PBXFileReference; lastKnownFileType = sourcecode.swift; path = DrawerContent.swift; sourceTree = "<group>"; };
		B7358EAF23BA7DA0003936E2 /* NavigationDrawer.swift */ = {isa = PBXFileReference; lastKnownFileType = sourcecode.swift; path = NavigationDrawer.swift; sourceTree = "<group>"; };
		B772304023BA89D1003F1B95 /* RideTable.swift */ = {isa = PBXFileReference; lastKnownFileType = sourcecode.swift; path = RideTable.swift; sourceTree = "<group>"; };
		B77D1DA723B420B500CAAEA5 /* PoolCar.app */ = {isa = PBXFileReference; explicitFileType = wrapper.application; includeInIndex = 0; path = PoolCar.app; sourceTree = BUILT_PRODUCTS_DIR; };
		B77D1DAA23B420B500CAAEA5 /* AppDelegate.swift */ = {isa = PBXFileReference; lastKnownFileType = sourcecode.swift; path = AppDelegate.swift; sourceTree = "<group>"; };
		B77D1DAC23B420B500CAAEA5 /* SceneDelegate.swift */ = {isa = PBXFileReference; lastKnownFileType = sourcecode.swift; path = SceneDelegate.swift; sourceTree = "<group>"; };
		B77D1DAE23B420B500CAAEA5 /* Home.swift */ = {isa = PBXFileReference; lastKnownFileType = sourcecode.swift; path = Home.swift; sourceTree = "<group>"; };
		B77D1DB023B420B600CAAEA5 /* Assets.xcassets */ = {isa = PBXFileReference; lastKnownFileType = folder.assetcatalog; path = Assets.xcassets; sourceTree = "<group>"; };
		B77D1DB323B420B600CAAEA5 /* Preview Assets.xcassets */ = {isa = PBXFileReference; lastKnownFileType = folder.assetcatalog; path = "Preview Assets.xcassets"; sourceTree = "<group>"; };
		B77D1DB623B420B600CAAEA5 /* Base */ = {isa = PBXFileReference; lastKnownFileType = file.storyboard; name = Base; path = Base.lproj/LaunchScreen.storyboard; sourceTree = "<group>"; };
		B77D1DB823B420B600CAAEA5 /* Info.plist */ = {isa = PBXFileReference; lastKnownFileType = text.plist.xml; path = Info.plist; sourceTree = "<group>"; };
		B77D1DBD23B420B600CAAEA5 /* PoolCarTests.xctest */ = {isa = PBXFileReference; explicitFileType = wrapper.cfbundle; includeInIndex = 0; path = PoolCarTests.xctest; sourceTree = BUILT_PRODUCTS_DIR; };
		B77D1DC123B420B600CAAEA5 /* PoolCarTests.swift */ = {isa = PBXFileReference; lastKnownFileType = sourcecode.swift; path = PoolCarTests.swift; sourceTree = "<group>"; };
		B77D1DC323B420B600CAAEA5 /* Info.plist */ = {isa = PBXFileReference; lastKnownFileType = text.plist.xml; path = Info.plist; sourceTree = "<group>"; };
		B77D1DC823B420B600CAAEA5 /* PoolCarUITests.xctest */ = {isa = PBXFileReference; explicitFileType = wrapper.cfbundle; includeInIndex = 0; path = PoolCarUITests.xctest; sourceTree = BUILT_PRODUCTS_DIR; };
		B77D1DCC23B420B600CAAEA5 /* PoolCarUITests.swift */ = {isa = PBXFileReference; lastKnownFileType = sourcecode.swift; path = PoolCarUITests.swift; sourceTree = "<group>"; };
		B77D1DCE23B420B600CAAEA5 /* Info.plist */ = {isa = PBXFileReference; lastKnownFileType = text.plist.xml; path = Info.plist; sourceTree = "<group>"; };
		B77D1DDC23B446F700CAAEA5 /* Ride.swift */ = {isa = PBXFileReference; lastKnownFileType = sourcecode.swift; path = Ride.swift; sourceTree = "<group>"; };
		B77D1DDE23B4484100CAAEA5 /* PreviewData.swift */ = {isa = PBXFileReference; lastKnownFileType = sourcecode.swift; path = PreviewData.swift; sourceTree = "<group>"; };
		B77D1DE023B451D100CAAEA5 /* RideRow.swift */ = {isa = PBXFileReference; lastKnownFileType = sourcecode.swift; path = RideRow.swift; sourceTree = "<group>"; };
		B77D1DE223B5471C00CAAEA5 /* RideDetail.swift */ = {isa = PBXFileReference; lastKnownFileType = sourcecode.swift; path = RideDetail.swift; sourceTree = "<group>"; };
		B77D1DE423B5485800CAAEA5 /* AddRide.swift */ = {isa = PBXFileReference; lastKnownFileType = sourcecode.swift; path = AddRide.swift; sourceTree = "<group>"; };
		B77D1DE923B5BE6200CAAEA5 /* Database.swift */ = {isa = PBXFileReference; lastKnownFileType = sourcecode.swift; path = Database.swift; sourceTree = "<group>"; };
		B7A3FD5623BE16E50062F8F4 /* MessageView.swift */ = {isa = PBXFileReference; lastKnownFileType = sourcecode.swift; path = MessageView.swift; sourceTree = "<group>"; };
		B7A3FD5823BE19CA0062F8F4 /* MessageController.swift */ = {isa = PBXFileReference; lastKnownFileType = sourcecode.swift; path = MessageController.swift; sourceTree = "<group>"; };
		B7A3FD5A23BE7FA70062F8F4 /* MessageRow.swift */ = {isa = PBXFileReference; lastKnownFileType = sourcecode.swift; path = MessageRow.swift; sourceTree = "<group>"; };
		B7A3FD5C23BEEC330062F8F4 /* Message.swift */ = {isa = PBXFileReference; lastKnownFileType = sourcecode.swift; path = Message.swift; sourceTree = "<group>"; };
		B7A3FD6223CBC5890062F8F4 /* KeyboardResponsiveModifier.swift */ = {isa = PBXFileReference; lastKnownFileType = sourcecode.swift; path = KeyboardResponsiveModifier.swift; sourceTree = "<group>"; };
		B7A47B1723B932C0001D297B /* GMSSearchPlaceController.swift */ = {isa = PBXFileReference; lastKnownFileType = sourcecode.swift; path = GMSSearchPlaceController.swift; sourceTree = "<group>"; };
		B7A47B1923B93680001D297B /* InputOptions.swift */ = {isa = PBXFileReference; lastKnownFileType = sourcecode.swift; path = InputOptions.swift; sourceTree = "<group>"; };
		B7A47B1B23B99E0C001D297B /* GoogleMapView.swift */ = {isa = PBXFileReference; lastKnownFileType = sourcecode.swift; path = GoogleMapView.swift; sourceTree = "<group>"; };
		B7B81B0323F640B200A08E7A /* StripeView.swift */ = {isa = PBXFileReference; lastKnownFileType = sourcecode.swift; path = StripeView.swift; sourceTree = "<group>"; };
		B7B81B0523F6421A00A08E7A /* StripeAPIClient.swift */ = {isa = PBXFileReference; lastKnownFileType = sourcecode.swift; path = StripeAPIClient.swift; sourceTree = "<group>"; };
		B7E3FBA523F647B1001A15A4 /* Errors.swift */ = {isa = PBXFileReference; lastKnownFileType = sourcecode.swift; path = Errors.swift; sourceTree = "<group>"; };
		B7E3FBA723F71912001A15A4 /* ResponseModels.swift */ = {isa = PBXFileReference; lastKnownFileType = sourcecode.swift; path = ResponseModels.swift; sourceTree = "<group>"; };
		B7E3FBAD23F72901001A15A4 /* APIFetcher.swift */ = {isa = PBXFileReference; lastKnownFileType = sourcecode.swift; path = APIFetcher.swift; sourceTree = "<group>"; };
		B7E3FBAF23F88846001A15A4 /* UserIDUtils.swift */ = {isa = PBXFileReference; lastKnownFileType = sourcecode.swift; path = UserIDUtils.swift; sourceTree = "<group>"; };
		B7E3FBB123F88BAB001A15A4 /* RequestModels.swift */ = {isa = PBXFileReference; lastKnownFileType = sourcecode.swift; path = RequestModels.swift; sourceTree = "<group>"; };
		B7F77A6D23B9C15D00C1E184 /* CustomMarker.swift */ = {isa = PBXFileReference; lastKnownFileType = sourcecode.swift; path = CustomMarker.swift; sourceTree = "<group>"; };
		E67ACC9723C9AE8D005CF574 /* LoginView.swift */ = {isa = PBXFileReference; lastKnownFileType = sourcecode.swift; path = LoginView.swift; sourceTree = "<group>"; };
		E6B662C323BB058C00105B7C /* StartView.swift */ = {isa = PBXFileReference; lastKnownFileType = sourcecode.swift; path = StartView.swift; sourceTree = "<group>"; };
		E6B662C723BBD42500105B7C /* SignupView.swift */ = {isa = PBXFileReference; lastKnownFileType = sourcecode.swift; path = SignupView.swift; sourceTree = "<group>"; };
/* End PBXFileReference section */

/* Begin PBXFrameworksBuildPhase section */
		B77D1DA423B420B500CAAEA5 /* Frameworks */ = {
			isa = PBXFrameworksBuildPhase;
			buildActionMask = 2147483647;
			files = (
				CC3796A025B2B20267BBCCBF /* Pods_PoolCar.framework in Frameworks */,
			);
			runOnlyForDeploymentPostprocessing = 0;
		};
		B77D1DBA23B420B600CAAEA5 /* Frameworks */ = {
			isa = PBXFrameworksBuildPhase;
			buildActionMask = 2147483647;
			files = (
			);
			runOnlyForDeploymentPostprocessing = 0;
		};
		B77D1DC523B420B600CAAEA5 /* Frameworks */ = {
			isa = PBXFrameworksBuildPhase;
			buildActionMask = 2147483647;
			files = (
			);
			runOnlyForDeploymentPostprocessing = 0;
		};
/* End PBXFrameworksBuildPhase section */

/* Begin PBXGroup section */
		3036789D07AB2734C760AB17 /* Pods */ = {
			isa = PBXGroup;
			children = (
				A8D64A8F36A43829E2D10171 /* Pods-PoolCar.debug.xcconfig */,
				530B7238C3F35FA5EE6E1A91 /* Pods-PoolCar.release.xcconfig */,
			);
			path = Pods;
			sourceTree = "<group>";
		};
		604881D023EBD9D500B32BE5 /* Utilities */ = {
			isa = PBXGroup;
			children = (
				B7A3FD6223CBC5890062F8F4 /* KeyboardResponsiveModifier.swift */,
				604881D123EBDA0C00B32BE5 /* JWTUtils.swift */,
				B7E3FBAF23F88846001A15A4 /* UserIDUtils.swift */,
				B7E3FBAB23F72750001A15A4 /* API */,
			);
			path = Utilities;
			sourceTree = "<group>";
		};
		7AD07E4F1E183A762AF414D6 /* Frameworks */ = {
			isa = PBXGroup;
			children = (
				0DF09D49DED9BB0095BFDA84 /* Pods_PoolCar.framework */,
			);
			name = Frameworks;
			sourceTree = "<group>";
		};
		B772304223BA8B1F003F1B95 /* Drawer */ = {
			isa = PBXGroup;
			children = (
				B7358EAD23BA7D58003936E2 /* DrawerContent.swift */,
				B7358EAF23BA7DA0003936E2 /* NavigationDrawer.swift */,
			);
			path = Drawer;
			sourceTree = "<group>";
		};
		B77D1D9E23B420B500CAAEA5 = {
			isa = PBXGroup;
			children = (
				B77D1DA923B420B500CAAEA5 /* PoolCar */,
				B77D1DC023B420B600CAAEA5 /* PoolCarTests */,
				B77D1DCB23B420B600CAAEA5 /* PoolCarUITests */,
				B77D1DA823B420B500CAAEA5 /* Products */,
				3036789D07AB2734C760AB17 /* Pods */,
				7AD07E4F1E183A762AF414D6 /* Frameworks */,
			);
			sourceTree = "<group>";
		};
		B77D1DA823B420B500CAAEA5 /* Products */ = {
			isa = PBXGroup;
			children = (
				B77D1DA723B420B500CAAEA5 /* PoolCar.app */,
				B77D1DBD23B420B600CAAEA5 /* PoolCarTests.xctest */,
				B77D1DC823B420B600CAAEA5 /* PoolCarUITests.xctest */,
			);
			name = Products;
			sourceTree = "<group>";
		};
		B77D1DA923B420B500CAAEA5 /* PoolCar */ = {
			isa = PBXGroup;
			children = (
				B77D1DAE23B420B500CAAEA5 /* Home.swift */,
				B7A47B1623B9313E001D297B /* Adding Ride */,
				B7A47B1523B930FC001D297B /* Models */,
				B7A47B1423B930C1001D297B /* Ride Table */,
				B7A47B1323B93017001D297B /* Environment Objects */,
				B772304223BA8B1F003F1B95 /* Drawer */,
				B7A3FD5523BE16C00062F8F4 /* Messaging */,
				B7E3FBA923F726B9001A15A4 /* Errors */,
				604881D023EBD9D500B32BE5 /* Utilities */,
				B7E3FBAA23F726E2001A15A4 /* Login */,
				B7E3FBAC23F7276F001A15A4 /* Stripe Views */,
				B77D1DAC23B420B500CAAEA5 /* SceneDelegate.swift */,
				B77D1DAA23B420B500CAAEA5 /* AppDelegate.swift */,
				B77D1DB023B420B600CAAEA5 /* Assets.xcassets */,
				B77D1DB523B420B600CAAEA5 /* LaunchScreen.storyboard */,
				B77D1DB823B420B600CAAEA5 /* Info.plist */,
				B77D1DB223B420B600CAAEA5 /* Preview Content */,
			);
			path = PoolCar;
			sourceTree = "<group>";
		};
		B77D1DB223B420B600CAAEA5 /* Preview Content */ = {
			isa = PBXGroup;
			children = (
				B77D1DB323B420B600CAAEA5 /* Preview Assets.xcassets */,
			);
			path = "Preview Content";
			sourceTree = "<group>";
		};
		B77D1DC023B420B600CAAEA5 /* PoolCarTests */ = {
			isa = PBXGroup;
			children = (
				B77D1DC123B420B600CAAEA5 /* PoolCarTests.swift */,
				B77D1DC323B420B600CAAEA5 /* Info.plist */,
			);
			path = PoolCarTests;
			sourceTree = "<group>";
		};
		B77D1DCB23B420B600CAAEA5 /* PoolCarUITests */ = {
			isa = PBXGroup;
			children = (
				B77D1DCC23B420B600CAAEA5 /* PoolCarUITests.swift */,
				B77D1DCE23B420B600CAAEA5 /* Info.plist */,
			);
			path = PoolCarUITests;
			sourceTree = "<group>";
		};
		B7A3FD5523BE16C00062F8F4 /* Messaging */ = {
			isa = PBXGroup;
			children = (
				B7A3FD5623BE16E50062F8F4 /* MessageView.swift */,
				B7A3FD5823BE19CA0062F8F4 /* MessageController.swift */,
				B7A3FD5A23BE7FA70062F8F4 /* MessageRow.swift */,
			);
			path = Messaging;
			sourceTree = "<group>";
		};
		B7A47B1323B93017001D297B /* Environment Objects */ = {
			isa = PBXGroup;
			children = (
				B77D1DDE23B4484100CAAEA5 /* PreviewData.swift */,
				B77D1DE923B5BE6200CAAEA5 /* Database.swift */,
			);
			path = "Environment Objects";
			sourceTree = "<group>";
		};
		B7A47B1423B930C1001D297B /* Ride Table */ = {
			isa = PBXGroup;
			children = (
				B77D1DE223B5471C00CAAEA5 /* RideDetail.swift */,
				B772304023BA89D1003F1B95 /* RideTable.swift */,
				B77D1DE023B451D100CAAEA5 /* RideRow.swift */,
			);
			path = "Ride Table";
			sourceTree = "<group>";
		};
		B7A47B1523B930FC001D297B /* Models */ = {
			isa = PBXGroup;
			children = (
				B77D1DDC23B446F700CAAEA5 /* Ride.swift */,
				B7A3FD5C23BEEC330062F8F4 /* Message.swift */,
			);
			path = Models;
			sourceTree = "<group>";
		};
		B7A47B1623B9313E001D297B /* Adding Ride */ = {
			isa = PBXGroup;
			children = (
				B77D1DE423B5485800CAAEA5 /* AddRide.swift */,
				B7A47B1723B932C0001D297B /* GMSSearchPlaceController.swift */,
				B7A47B1923B93680001D297B /* InputOptions.swift */,
				B7A47B1B23B99E0C001D297B /* GoogleMapView.swift */,
				B7F77A6D23B9C15D00C1E184 /* CustomMarker.swift */,
			);
			path = "Adding Ride";
			sourceTree = "<group>";
		};
		B7E3FBA923F726B9001A15A4 /* Errors */ = {
			isa = PBXGroup;
			children = (
				B7E3FBA523F647B1001A15A4 /* Errors.swift */,
			);
			path = Errors;
			sourceTree = "<group>";
		};
		B7E3FBAA23F726E2001A15A4 /* Login */ = {
			isa = PBXGroup;
			children = (
				E6B662C323BB058C00105B7C /* StartView.swift */,
				E6B662C723BBD42500105B7C /* SignupView.swift */,
				E67ACC9723C9AE8D005CF574 /* LoginView.swift */,
			);
			path = Login;
			sourceTree = "<group>";
		};
		B7E3FBAB23F72750001A15A4 /* API */ = {
			isa = PBXGroup;
			children = (
				B7E3FBA723F71912001A15A4 /* ResponseModels.swift */,
				B7E3FBAD23F72901001A15A4 /* APIFetcher.swift */,
				B7B81B0523F6421A00A08E7A /* StripeAPIClient.swift */,
				B7E3FBB123F88BAB001A15A4 /* RequestModels.swift */,
			);
			path = API;
			sourceTree = "<group>";
		};
		B7E3FBAC23F7276F001A15A4 /* Stripe Views */ = {
			isa = PBXGroup;
			children = (
				B7B81B0323F640B200A08E7A /* StripeView.swift */,
			);
			path = "Stripe Views";
			sourceTree = "<group>";
		};
/* End PBXGroup section */

/* Begin PBXNativeTarget section */
		B77D1DA623B420B500CAAEA5 /* PoolCar */ = {
			isa = PBXNativeTarget;
			buildConfigurationList = B77D1DD123B420B600CAAEA5 /* Build configuration list for PBXNativeTarget "PoolCar" */;
			buildPhases = (
				F3C8EF7571443234819A1086 /* [CP] Check Pods Manifest.lock */,
				B77D1DA323B420B500CAAEA5 /* Sources */,
				B77D1DA423B420B500CAAEA5 /* Frameworks */,
				B77D1DA523B420B500CAAEA5 /* Resources */,
				F478CC32E0D8D9B42846B2F4 /* [CP] Copy Pods Resources */,
				B77D1DE623B5857B00CAAEA5 /* ShellScript */,
				CD38C793BB40FDEA5A332F27 /* [CP] Embed Pods Frameworks */,
			);
			buildRules = (
			);
			dependencies = (
			);
			name = PoolCar;
			productName = PoolCar;
			productReference = B77D1DA723B420B500CAAEA5 /* PoolCar.app */;
			productType = "com.apple.product-type.application";
		};
		B77D1DBC23B420B600CAAEA5 /* PoolCarTests */ = {
			isa = PBXNativeTarget;
			buildConfigurationList = B77D1DD423B420B600CAAEA5 /* Build configuration list for PBXNativeTarget "PoolCarTests" */;
			buildPhases = (
				B77D1DB923B420B600CAAEA5 /* Sources */,
				B77D1DBA23B420B600CAAEA5 /* Frameworks */,
				B77D1DBB23B420B600CAAEA5 /* Resources */,
			);
			buildRules = (
			);
			dependencies = (
				B77D1DBF23B420B600CAAEA5 /* PBXTargetDependency */,
			);
			name = PoolCarTests;
			productName = PoolCarTests;
			productReference = B77D1DBD23B420B600CAAEA5 /* PoolCarTests.xctest */;
			productType = "com.apple.product-type.bundle.unit-test";
		};
		B77D1DC723B420B600CAAEA5 /* PoolCarUITests */ = {
			isa = PBXNativeTarget;
			buildConfigurationList = B77D1DD723B420B600CAAEA5 /* Build configuration list for PBXNativeTarget "PoolCarUITests" */;
			buildPhases = (
				B77D1DC423B420B600CAAEA5 /* Sources */,
				B77D1DC523B420B600CAAEA5 /* Frameworks */,
				B77D1DC623B420B600CAAEA5 /* Resources */,
			);
			buildRules = (
			);
			dependencies = (
				B77D1DCA23B420B600CAAEA5 /* PBXTargetDependency */,
			);
			name = PoolCarUITests;
			productName = PoolCarUITests;
			productReference = B77D1DC823B420B600CAAEA5 /* PoolCarUITests.xctest */;
			productType = "com.apple.product-type.bundle.ui-testing";
		};
/* End PBXNativeTarget section */

/* Begin PBXProject section */
		B77D1D9F23B420B500CAAEA5 /* Project object */ = {
			isa = PBXProject;
			attributes = {
				LastSwiftUpdateCheck = 1120;
				LastUpgradeCheck = 1120;
				ORGANIZATIONNAME = RSInc;
				TargetAttributes = {
					B77D1DA623B420B500CAAEA5 = {
						CreatedOnToolsVersion = 11.2.1;
					};
					B77D1DBC23B420B600CAAEA5 = {
						CreatedOnToolsVersion = 11.2.1;
						TestTargetID = B77D1DA623B420B500CAAEA5;
					};
					B77D1DC723B420B600CAAEA5 = {
						CreatedOnToolsVersion = 11.2.1;
						TestTargetID = B77D1DA623B420B500CAAEA5;
					};
				};
			};
			buildConfigurationList = B77D1DA223B420B500CAAEA5 /* Build configuration list for PBXProject "PoolCar" */;
			compatibilityVersion = "Xcode 9.3";
			developmentRegion = en;
			hasScannedForEncodings = 0;
			knownRegions = (
				en,
				Base,
			);
			mainGroup = B77D1D9E23B420B500CAAEA5;
			productRefGroup = B77D1DA823B420B500CAAEA5 /* Products */;
			projectDirPath = "";
			projectRoot = "";
			targets = (
				B77D1DA623B420B500CAAEA5 /* PoolCar */,
				B77D1DBC23B420B600CAAEA5 /* PoolCarTests */,
				B77D1DC723B420B600CAAEA5 /* PoolCarUITests */,
			);
		};
/* End PBXProject section */

/* Begin PBXResourcesBuildPhase section */
		B77D1DA523B420B500CAAEA5 /* Resources */ = {
			isa = PBXResourcesBuildPhase;
			buildActionMask = 2147483647;
			files = (
				B77D1DB723B420B600CAAEA5 /* LaunchScreen.storyboard in Resources */,
				B77D1DB423B420B600CAAEA5 /* Preview Assets.xcassets in Resources */,
				B77D1DB123B420B600CAAEA5 /* Assets.xcassets in Resources */,
			);
			runOnlyForDeploymentPostprocessing = 0;
		};
		B77D1DBB23B420B600CAAEA5 /* Resources */ = {
			isa = PBXResourcesBuildPhase;
			buildActionMask = 2147483647;
			files = (
			);
			runOnlyForDeploymentPostprocessing = 0;
		};
		B77D1DC623B420B600CAAEA5 /* Resources */ = {
			isa = PBXResourcesBuildPhase;
			buildActionMask = 2147483647;
			files = (
			);
			runOnlyForDeploymentPostprocessing = 0;
		};
/* End PBXResourcesBuildPhase section */

/* Begin PBXShellScriptBuildPhase section */
		B77D1DE623B5857B00CAAEA5 /* ShellScript */ = {
			isa = PBXShellScriptBuildPhase;
			buildActionMask = 2147483647;
			files = (
			);
			inputFileListPaths = (
			);
			inputPaths = (
			);
			outputFileListPaths = (
			);
			outputPaths = (
			);
			runOnlyForDeploymentPostprocessing = 0;
			shellPath = /bin/sh;
			shellScript = "\"${PODS_ROOT}/SwiftLint/swiftlint\"\n";
		};
		CD38C793BB40FDEA5A332F27 /* [CP] Embed Pods Frameworks */ = {
			isa = PBXShellScriptBuildPhase;
			buildActionMask = 2147483647;
			files = (
			);
			inputFileListPaths = (
				"${PODS_ROOT}/Target Support Files/Pods-PoolCar/Pods-PoolCar-frameworks-${CONFIGURATION}-input-files.xcfilelist",
			);
			name = "[CP] Embed Pods Frameworks";
			outputFileListPaths = (
				"${PODS_ROOT}/Target Support Files/Pods-PoolCar/Pods-PoolCar-frameworks-${CONFIGURATION}-output-files.xcfilelist",
			);
			runOnlyForDeploymentPostprocessing = 0;
			shellPath = /bin/sh;
			shellScript = "\"${PODS_ROOT}/Target Support Files/Pods-PoolCar/Pods-PoolCar-frameworks.sh\"\n";
			showEnvVarsInLog = 0;
		};
		F3C8EF7571443234819A1086 /* [CP] Check Pods Manifest.lock */ = {
			isa = PBXShellScriptBuildPhase;
			buildActionMask = 2147483647;
			files = (
			);
			inputFileListPaths = (
			);
			inputPaths = (
				"${PODS_PODFILE_DIR_PATH}/Podfile.lock",
				"${PODS_ROOT}/Manifest.lock",
			);
			name = "[CP] Check Pods Manifest.lock";
			outputFileListPaths = (
			);
			outputPaths = (
				"$(DERIVED_FILE_DIR)/Pods-PoolCar-checkManifestLockResult.txt",
			);
			runOnlyForDeploymentPostprocessing = 0;
			shellPath = /bin/sh;
			shellScript = "diff \"${PODS_PODFILE_DIR_PATH}/Podfile.lock\" \"${PODS_ROOT}/Manifest.lock\" > /dev/null\nif [ $? != 0 ] ; then\n    # print error to STDERR\n    echo \"error: The sandbox is not in sync with the Podfile.lock. Run 'pod install' or update your CocoaPods installation.\" >&2\n    exit 1\nfi\n# This output is used by Xcode 'outputs' to avoid re-running this script phase.\necho \"SUCCESS\" > \"${SCRIPT_OUTPUT_FILE_0}\"\n";
			showEnvVarsInLog = 0;
		};
		F478CC32E0D8D9B42846B2F4 /* [CP] Copy Pods Resources */ = {
			isa = PBXShellScriptBuildPhase;
			buildActionMask = 2147483647;
			files = (
			);
			inputFileListPaths = (
				"${PODS_ROOT}/Target Support Files/Pods-PoolCar/Pods-PoolCar-resources-${CONFIGURATION}-input-files.xcfilelist",
			);
			name = "[CP] Copy Pods Resources";
			outputFileListPaths = (
				"${PODS_ROOT}/Target Support Files/Pods-PoolCar/Pods-PoolCar-resources-${CONFIGURATION}-output-files.xcfilelist",
			);
			runOnlyForDeploymentPostprocessing = 0;
			shellPath = /bin/sh;
			shellScript = "\"${PODS_ROOT}/Target Support Files/Pods-PoolCar/Pods-PoolCar-resources.sh\"\n";
			showEnvVarsInLog = 0;
		};
/* End PBXShellScriptBuildPhase section */

/* Begin PBXSourcesBuildPhase section */
		B77D1DA323B420B500CAAEA5 /* Sources */ = {
			isa = PBXSourcesBuildPhase;
			buildActionMask = 2147483647;
			files = (
				E6B662C823BBD42500105B7C /* SignupView.swift in Sources */,
				B7A47B1C23B99E0C001D297B /* GoogleMapView.swift in Sources */,
				B7E3FBAE23F72901001A15A4 /* APIFetcher.swift in Sources */,
				B7A3FD5923BE19CA0062F8F4 /* MessageController.swift in Sources */,
				B7A47B1A23B93680001D297B /* InputOptions.swift in Sources */,
				E6B662C423BB058C00105B7C /* StartView.swift in Sources */,
				604881D223EBDA0C00B32BE5 /* JWTUtils.swift in Sources */,
				B7358EAE23BA7D58003936E2 /* DrawerContent.swift in Sources */,
				B7A3FD6323CBC5890062F8F4 /* KeyboardResponsiveModifier.swift in Sources */,
				B77D1DE123B451D100CAAEA5 /* RideRow.swift in Sources */,
				B7358EB023BA7DA0003936E2 /* NavigationDrawer.swift in Sources */,
				B77D1DDF23B4484100CAAEA5 /* PreviewData.swift in Sources */,
				B772304123BA89D1003F1B95 /* RideTable.swift in Sources */,
				B77D1DAB23B420B500CAAEA5 /* AppDelegate.swift in Sources */,
				B77D1DDD23B446F700CAAEA5 /* Ride.swift in Sources */,
				B77D1DE323B5471C00CAAEA5 /* RideDetail.swift in Sources */,
				B7F77A6E23B9C15D00C1E184 /* CustomMarker.swift in Sources */,
				B77D1DE523B5485800CAAEA5 /* AddRide.swift in Sources */,
				B7B81B0623F6421A00A08E7A /* StripeAPIClient.swift in Sources */,
				B7B81B0423F640B200A08E7A /* StripeView.swift in Sources */,
				B7E3FBA823F71912001A15A4 /* ResponseModels.swift in Sources */,
				B7A3FD5723BE16E50062F8F4 /* MessageView.swift in Sources */,
				B7E3FBA623F647B1001A15A4 /* Errors.swift in Sources */,
				B77D1DEA23B5BE6200CAAEA5 /* Database.swift in Sources */,
				B7E3FBB023F88846001A15A4 /* UserIDUtils.swift in Sources */,
				B7A47B1823B932C0001D297B /* GMSSearchPlaceController.swift in Sources */,
				E67ACC9823C9AE8D005CF574 /* LoginView.swift in Sources */,
				B7E3FBB223F88BAB001A15A4 /* RequestModels.swift in Sources */,
				B77D1DAD23B420B500CAAEA5 /* SceneDelegate.swift in Sources */,
				B7A3FD5D23BEEC330062F8F4 /* Message.swift in Sources */,
				B7A3FD5B23BE7FA70062F8F4 /* MessageRow.swift in Sources */,
				B77D1DAF23B420B500CAAEA5 /* Home.swift in Sources */,
			);
			runOnlyForDeploymentPostprocessing = 0;
		};
		B77D1DB923B420B600CAAEA5 /* Sources */ = {
			isa = PBXSourcesBuildPhase;
			buildActionMask = 2147483647;
			files = (
				B77D1DC223B420B600CAAEA5 /* PoolCarTests.swift in Sources */,
			);
			runOnlyForDeploymentPostprocessing = 0;
		};
		B77D1DC423B420B600CAAEA5 /* Sources */ = {
			isa = PBXSourcesBuildPhase;
			buildActionMask = 2147483647;
			files = (
				B77D1DCD23B420B600CAAEA5 /* PoolCarUITests.swift in Sources */,
			);
			runOnlyForDeploymentPostprocessing = 0;
		};
/* End PBXSourcesBuildPhase section */

/* Begin PBXTargetDependency section */
		B77D1DBF23B420B600CAAEA5 /* PBXTargetDependency */ = {
			isa = PBXTargetDependency;
			target = B77D1DA623B420B500CAAEA5 /* PoolCar */;
			targetProxy = B77D1DBE23B420B600CAAEA5 /* PBXContainerItemProxy */;
		};
		B77D1DCA23B420B600CAAEA5 /* PBXTargetDependency */ = {
			isa = PBXTargetDependency;
			target = B77D1DA623B420B500CAAEA5 /* PoolCar */;
			targetProxy = B77D1DC923B420B600CAAEA5 /* PBXContainerItemProxy */;
		};
/* End PBXTargetDependency section */

/* Begin PBXVariantGroup section */
		B77D1DB523B420B600CAAEA5 /* LaunchScreen.storyboard */ = {
			isa = PBXVariantGroup;
			children = (
				B77D1DB623B420B600CAAEA5 /* Base */,
			);
			name = LaunchScreen.storyboard;
			sourceTree = "<group>";
		};
/* End PBXVariantGroup section */

/* Begin XCBuildConfiguration section */
		B77D1DCF23B420B600CAAEA5 /* Debug */ = {
			isa = XCBuildConfiguration;
			buildSettings = {
				ALWAYS_SEARCH_USER_PATHS = NO;
				CLANG_ANALYZER_NONNULL = YES;
				CLANG_ANALYZER_NUMBER_OBJECT_CONVERSION = YES_AGGRESSIVE;
				CLANG_CXX_LANGUAGE_STANDARD = "gnu++14";
				CLANG_CXX_LIBRARY = "libc++";
				CLANG_ENABLE_MODULES = YES;
				CLANG_ENABLE_OBJC_ARC = YES;
				CLANG_ENABLE_OBJC_WEAK = YES;
				CLANG_WARN_BLOCK_CAPTURE_AUTORELEASING = YES;
				CLANG_WARN_BOOL_CONVERSION = YES;
				CLANG_WARN_COMMA = YES;
				CLANG_WARN_CONSTANT_CONVERSION = YES;
				CLANG_WARN_DEPRECATED_OBJC_IMPLEMENTATIONS = YES;
				CLANG_WARN_DIRECT_OBJC_ISA_USAGE = YES_ERROR;
				CLANG_WARN_DOCUMENTATION_COMMENTS = YES;
				CLANG_WARN_EMPTY_BODY = YES;
				CLANG_WARN_ENUM_CONVERSION = YES;
				CLANG_WARN_INFINITE_RECURSION = YES;
				CLANG_WARN_INT_CONVERSION = YES;
				CLANG_WARN_NON_LITERAL_NULL_CONVERSION = YES;
				CLANG_WARN_OBJC_IMPLICIT_RETAIN_SELF = YES;
				CLANG_WARN_OBJC_LITERAL_CONVERSION = YES;
				CLANG_WARN_OBJC_ROOT_CLASS = YES_ERROR;
				CLANG_WARN_RANGE_LOOP_ANALYSIS = YES;
				CLANG_WARN_STRICT_PROTOTYPES = YES;
				CLANG_WARN_SUSPICIOUS_MOVE = YES;
				CLANG_WARN_UNGUARDED_AVAILABILITY = YES_AGGRESSIVE;
				CLANG_WARN_UNREACHABLE_CODE = YES;
				CLANG_WARN__DUPLICATE_METHOD_MATCH = YES;
				COPY_PHASE_STRIP = NO;
				DEBUG_INFORMATION_FORMAT = dwarf;
				ENABLE_STRICT_OBJC_MSGSEND = YES;
				ENABLE_TESTABILITY = YES;
				GCC_C_LANGUAGE_STANDARD = gnu11;
				GCC_DYNAMIC_NO_PIC = NO;
				GCC_NO_COMMON_BLOCKS = YES;
				GCC_OPTIMIZATION_LEVEL = 0;
				GCC_PREPROCESSOR_DEFINITIONS = (
					"DEBUG=1",
					"$(inherited)",
				);
				GCC_WARN_64_TO_32_BIT_CONVERSION = YES;
				GCC_WARN_ABOUT_RETURN_TYPE = YES_ERROR;
				GCC_WARN_UNDECLARED_SELECTOR = YES;
				GCC_WARN_UNINITIALIZED_AUTOS = YES_AGGRESSIVE;
				GCC_WARN_UNUSED_FUNCTION = YES;
				GCC_WARN_UNUSED_VARIABLE = YES;
				IPHONEOS_DEPLOYMENT_TARGET = 13.2;
				MTL_ENABLE_DEBUG_INFO = INCLUDE_SOURCE;
				MTL_FAST_MATH = YES;
				ONLY_ACTIVE_ARCH = YES;
				SDKROOT = iphoneos;
				SWIFT_ACTIVE_COMPILATION_CONDITIONS = DEBUG;
				SWIFT_OPTIMIZATION_LEVEL = "-Onone";
			};
			name = Debug;
		};
		B77D1DD023B420B600CAAEA5 /* Release */ = {
			isa = XCBuildConfiguration;
			buildSettings = {
				ALWAYS_SEARCH_USER_PATHS = NO;
				CLANG_ANALYZER_NONNULL = YES;
				CLANG_ANALYZER_NUMBER_OBJECT_CONVERSION = YES_AGGRESSIVE;
				CLANG_CXX_LANGUAGE_STANDARD = "gnu++14";
				CLANG_CXX_LIBRARY = "libc++";
				CLANG_ENABLE_MODULES = YES;
				CLANG_ENABLE_OBJC_ARC = YES;
				CLANG_ENABLE_OBJC_WEAK = YES;
				CLANG_WARN_BLOCK_CAPTURE_AUTORELEASING = YES;
				CLANG_WARN_BOOL_CONVERSION = YES;
				CLANG_WARN_COMMA = YES;
				CLANG_WARN_CONSTANT_CONVERSION = YES;
				CLANG_WARN_DEPRECATED_OBJC_IMPLEMENTATIONS = YES;
				CLANG_WARN_DIRECT_OBJC_ISA_USAGE = YES_ERROR;
				CLANG_WARN_DOCUMENTATION_COMMENTS = YES;
				CLANG_WARN_EMPTY_BODY = YES;
				CLANG_WARN_ENUM_CONVERSION = YES;
				CLANG_WARN_INFINITE_RECURSION = YES;
				CLANG_WARN_INT_CONVERSION = YES;
				CLANG_WARN_NON_LITERAL_NULL_CONVERSION = YES;
				CLANG_WARN_OBJC_IMPLICIT_RETAIN_SELF = YES;
				CLANG_WARN_OBJC_LITERAL_CONVERSION = YES;
				CLANG_WARN_OBJC_ROOT_CLASS = YES_ERROR;
				CLANG_WARN_RANGE_LOOP_ANALYSIS = YES;
				CLANG_WARN_STRICT_PROTOTYPES = YES;
				CLANG_WARN_SUSPICIOUS_MOVE = YES;
				CLANG_WARN_UNGUARDED_AVAILABILITY = YES_AGGRESSIVE;
				CLANG_WARN_UNREACHABLE_CODE = YES;
				CLANG_WARN__DUPLICATE_METHOD_MATCH = YES;
				COPY_PHASE_STRIP = NO;
				DEBUG_INFORMATION_FORMAT = "dwarf-with-dsym";
				ENABLE_NS_ASSERTIONS = NO;
				ENABLE_STRICT_OBJC_MSGSEND = YES;
				GCC_C_LANGUAGE_STANDARD = gnu11;
				GCC_NO_COMMON_BLOCKS = YES;
				GCC_WARN_64_TO_32_BIT_CONVERSION = YES;
				GCC_WARN_ABOUT_RETURN_TYPE = YES_ERROR;
				GCC_WARN_UNDECLARED_SELECTOR = YES;
				GCC_WARN_UNINITIALIZED_AUTOS = YES_AGGRESSIVE;
				GCC_WARN_UNUSED_FUNCTION = YES;
				GCC_WARN_UNUSED_VARIABLE = YES;
				IPHONEOS_DEPLOYMENT_TARGET = 13.2;
				MTL_ENABLE_DEBUG_INFO = NO;
				MTL_FAST_MATH = YES;
				SDKROOT = iphoneos;
				SWIFT_COMPILATION_MODE = wholemodule;
				SWIFT_OPTIMIZATION_LEVEL = "-O";
				VALIDATE_PRODUCT = YES;
			};
			name = Release;
		};
		B77D1DD223B420B600CAAEA5 /* Debug */ = {
			isa = XCBuildConfiguration;
			baseConfigurationReference = A8D64A8F36A43829E2D10171 /* Pods-PoolCar.debug.xcconfig */;
			buildSettings = {
				ASSETCATALOG_COMPILER_APPICON_NAME = AppIcon;
				CODE_SIGN_STYLE = Automatic;
				DEVELOPMENT_ASSET_PATHS = "\"PoolCar/Preview Content\"";
				DEVELOPMENT_TEAM = CRBQ72AQ23;
				ENABLE_PREVIEWS = YES;
				INFOPLIST_FILE = PoolCar/Info.plist;
				IPHONEOS_DEPLOYMENT_TARGET = 13.2;
				LD_RUNPATH_SEARCH_PATHS = (
					"$(inherited)",
					"@executable_path/Frameworks",
				);
				PRODUCT_BUNDLE_IDENTIFIER = com.RSInc.PoolCar;
				PRODUCT_NAME = "$(TARGET_NAME)";
				SWIFT_VERSION = 5.0;
				TARGETED_DEVICE_FAMILY = "1,2";
			};
			name = Debug;
		};
		B77D1DD323B420B600CAAEA5 /* Release */ = {
			isa = XCBuildConfiguration;
			baseConfigurationReference = 530B7238C3F35FA5EE6E1A91 /* Pods-PoolCar.release.xcconfig */;
			buildSettings = {
				ASSETCATALOG_COMPILER_APPICON_NAME = AppIcon;
				CODE_SIGN_STYLE = Automatic;
				DEVELOPMENT_ASSET_PATHS = "\"PoolCar/Preview Content\"";
				DEVELOPMENT_TEAM = CRBQ72AQ23;
				ENABLE_PREVIEWS = YES;
				INFOPLIST_FILE = PoolCar/Info.plist;
				IPHONEOS_DEPLOYMENT_TARGET = 13.2;
				LD_RUNPATH_SEARCH_PATHS = (
					"$(inherited)",
					"@executable_path/Frameworks",
				);
				PRODUCT_BUNDLE_IDENTIFIER = com.RSInc.PoolCar;
				PRODUCT_NAME = "$(TARGET_NAME)";
				SWIFT_VERSION = 5.0;
				TARGETED_DEVICE_FAMILY = "1,2";
			};
			name = Release;
		};
		B77D1DD523B420B600CAAEA5 /* Debug */ = {
			isa = XCBuildConfiguration;
			buildSettings = {
				ALWAYS_EMBED_SWIFT_STANDARD_LIBRARIES = YES;
				BUNDLE_LOADER = "$(TEST_HOST)";
				CODE_SIGN_STYLE = Automatic;
				DEVELOPMENT_TEAM = CRBQ72AQ23;
				INFOPLIST_FILE = PoolCarTests/Info.plist;
				IPHONEOS_DEPLOYMENT_TARGET = 13.2;
				LD_RUNPATH_SEARCH_PATHS = (
					"$(inherited)",
					"@executable_path/Frameworks",
					"@loader_path/Frameworks",
				);
				PRODUCT_BUNDLE_IDENTIFIER = com.RSInc.PoolCarTests;
				PRODUCT_NAME = "$(TARGET_NAME)";
				SWIFT_VERSION = 5.0;
				TARGETED_DEVICE_FAMILY = "1,2";
				TEST_HOST = "$(BUILT_PRODUCTS_DIR)/PoolCar.app/PoolCar";
			};
			name = Debug;
		};
		B77D1DD623B420B600CAAEA5 /* Release */ = {
			isa = XCBuildConfiguration;
			buildSettings = {
				ALWAYS_EMBED_SWIFT_STANDARD_LIBRARIES = YES;
				BUNDLE_LOADER = "$(TEST_HOST)";
				CODE_SIGN_STYLE = Automatic;
				DEVELOPMENT_TEAM = CRBQ72AQ23;
				INFOPLIST_FILE = PoolCarTests/Info.plist;
				IPHONEOS_DEPLOYMENT_TARGET = 13.2;
				LD_RUNPATH_SEARCH_PATHS = (
					"$(inherited)",
					"@executable_path/Frameworks",
					"@loader_path/Frameworks",
				);
				PRODUCT_BUNDLE_IDENTIFIER = com.RSInc.PoolCarTests;
				PRODUCT_NAME = "$(TARGET_NAME)";
				SWIFT_VERSION = 5.0;
				TARGETED_DEVICE_FAMILY = "1,2";
				TEST_HOST = "$(BUILT_PRODUCTS_DIR)/PoolCar.app/PoolCar";
			};
			name = Release;
		};
		B77D1DD823B420B600CAAEA5 /* Debug */ = {
			isa = XCBuildConfiguration;
			buildSettings = {
				ALWAYS_EMBED_SWIFT_STANDARD_LIBRARIES = YES;
				CODE_SIGN_STYLE = Automatic;
				DEVELOPMENT_TEAM = CRBQ72AQ23;
				INFOPLIST_FILE = PoolCarUITests/Info.plist;
				LD_RUNPATH_SEARCH_PATHS = (
					"$(inherited)",
					"@executable_path/Frameworks",
					"@loader_path/Frameworks",
				);
				PRODUCT_BUNDLE_IDENTIFIER = com.RSInc.PoolCarUITests;
				PRODUCT_NAME = "$(TARGET_NAME)";
				SWIFT_VERSION = 5.0;
				TARGETED_DEVICE_FAMILY = "1,2";
				TEST_TARGET_NAME = PoolCar;
			};
			name = Debug;
		};
		B77D1DD923B420B600CAAEA5 /* Release */ = {
			isa = XCBuildConfiguration;
			buildSettings = {
				ALWAYS_EMBED_SWIFT_STANDARD_LIBRARIES = YES;
				CODE_SIGN_STYLE = Automatic;
				DEVELOPMENT_TEAM = CRBQ72AQ23;
				INFOPLIST_FILE = PoolCarUITests/Info.plist;
				LD_RUNPATH_SEARCH_PATHS = (
					"$(inherited)",
					"@executable_path/Frameworks",
					"@loader_path/Frameworks",
				);
				PRODUCT_BUNDLE_IDENTIFIER = com.RSInc.PoolCarUITests;
				PRODUCT_NAME = "$(TARGET_NAME)";
				SWIFT_VERSION = 5.0;
				TARGETED_DEVICE_FAMILY = "1,2";
				TEST_TARGET_NAME = PoolCar;
			};
			name = Release;
		};
/* End XCBuildConfiguration section */

/* Begin XCConfigurationList section */
		B77D1DA223B420B500CAAEA5 /* Build configuration list for PBXProject "PoolCar" */ = {
			isa = XCConfigurationList;
			buildConfigurations = (
				B77D1DCF23B420B600CAAEA5 /* Debug */,
				B77D1DD023B420B600CAAEA5 /* Release */,
			);
			defaultConfigurationIsVisible = 0;
			defaultConfigurationName = Release;
		};
		B77D1DD123B420B600CAAEA5 /* Build configuration list for PBXNativeTarget "PoolCar" */ = {
			isa = XCConfigurationList;
			buildConfigurations = (
				B77D1DD223B420B600CAAEA5 /* Debug */,
				B77D1DD323B420B600CAAEA5 /* Release */,
			);
			defaultConfigurationIsVisible = 0;
			defaultConfigurationName = Release;
		};
		B77D1DD423B420B600CAAEA5 /* Build configuration list for PBXNativeTarget "PoolCarTests" */ = {
			isa = XCConfigurationList;
			buildConfigurations = (
				B77D1DD523B420B600CAAEA5 /* Debug */,
				B77D1DD623B420B600CAAEA5 /* Release */,
			);
			defaultConfigurationIsVisible = 0;
			defaultConfigurationName = Release;
		};
		B77D1DD723B420B600CAAEA5 /* Build configuration list for PBXNativeTarget "PoolCarUITests" */ = {
			isa = XCConfigurationList;
			buildConfigurations = (
				B77D1DD823B420B600CAAEA5 /* Debug */,
				B77D1DD923B420B600CAAEA5 /* Release */,
			);
			defaultConfigurationIsVisible = 0;
			defaultConfigurationName = Release;
		};
/* End XCConfigurationList section */
	};
	rootObject = B77D1D9F23B420B500CAAEA5 /* Project object */;
}
